<?xml version="1.0" encoding="UTF-8"?>
<Scheme>
   <BuildAction
      buildConfiguration = "Debug">
      <BuildRoles>
         <BuildRole
            identifier = "UniversalExample.app"
            mask = "3">
         </BuildRole>
      </BuildRoles>
   </BuildAction>
   <TestAction>
   </TestAction>
   <LaunchAction
      selectedDebuggerIdentifier = "Xcode.DebuggerFoundation.Debugger.LLDB"
      selectedLauncherIdentifier = "Xcode.DebuggerFoundation.Launcher.LLDB">
      <BuildableProductRunnable>
         <BuildableProductReference
            BuildableProductIdentifier = "UniversalExample.app">
         </BuildableProductReference>
/>
      </BuildableProductRunnable>
      <AdditionalOptions>
      </AdditionalOptions>
   </LaunchAction>
</Scheme>
